// !$*UTF8*$!
{
	archiveVersion = 1;
	classes = {
	};
	objectVersion = 77;
	objects = {

/* Begin PBXBuildFile section */
		7EC29B102F7171F200EE923E /* Sprites in Resources */ = {isa = PBXBuildFile; fileRef = 7EC29B0F2F7171F200EE923E /* Sprites */; };
		7EC29B272F75635B00EE923E /* WidgetKit.framework in Frameworks */ = {isa = PBXBuildFile; fileRef = 7EC29B262F75635B00EE923E /* WidgetKit.framework */; };
		7EC29B292F75635B00EE923E /* SwiftUI.framework in Frameworks */ = {isa = PBXBuildFile; fileRef = 7EC29B282F75635B00EE923E /* SwiftUI.framework */; };
		7EC29B342F75635D00EE923E /* BirdWidgetExtension.appex in Embed Foundation Extensions */ = {isa = PBXBuildFile; fileRef = 7EC29B242F75635A00EE923E /* BirdWidgetExtension.appex */; settings = {ATTRIBUTES = (RemoveHeadersOnCopy, ); }; };
		7EC29B3F2F75658A00EE923E /* Sprites in Resources */ = {isa = PBXBuildFile; fileRef = 7EC29B0F2F7171F200EE923E /* Sprites */; };
		7EC29B7E2F764A5600EE923E /* ViewInspector in Frameworks */ = {isa = PBXBuildFile; productRef = 7EC29B7D2F764A5600EE923E /* ViewInspector */; };
/* End PBXBuildFile section */

/* Begin PBXContainerItemProxy section */
		7EC29B322F75635D00EE923E /* PBXContainerItemProxy */ = {
			isa = PBXContainerItemProxy;
			containerPortal = 7ED16F942F6C318800B58893 /* Project object */;
			proxyType = 1;
			remoteGlobalIDString = 7EC29B232F75635A00EE923E;
			remoteInfo = BirdWidgetExtension;
		};
		7EC29B732F76482E00EE923E /* PBXContainerItemProxy */ = {
			isa = PBXContainerItemProxy;
			containerPortal = 7ED16F942F6C318800B58893 /* Project object */;
			proxyType = 1;
			remoteGlobalIDString = 7ED16F9B2F6C318800B58893;
			remoteInfo = BirdGrowth;
		};
/* End PBXContainerItemProxy section */

/* Begin PBXCopyFilesBuildPhase section */
		7EC29B392F75635D00EE923E /* Embed Foundation Extensions */ = {
			isa = PBXCopyFilesBuildPhase;
			buildActionMask = 2147483647;
			dstPath = "";
			dstSubfolderSpec = 13;
			files = (
				7EC29B342F75635D00EE923E /* BirdWidgetExtension.appex in Embed Foundation Extensions */,
			);
			name = "Embed Foundation Extensions";
			runOnlyForDeploymentPostprocessing = 0;
		};
/* End PBXCopyFilesBuildPhase section */

/* Begin PBXFileReference section */
		7EC29B0F2F7171F200EE923E /* Sprites */ = {isa = PBXFileReference; lastKnownFileType = folder; path = Sprites; sourceTree = "<group>"; };
		7EC29B242F75635A00EE923E /* BirdWidgetExtension.appex */ = {isa = PBXFileReference; explicitFileType = "wrapper.app-extension"; includeInIndex = 0; path = BirdWidgetExtension.appex; sourceTree = BUILT_PRODUCTS_DIR; };
		7EC29B262F75635B00EE923E /* WidgetKit.framework */ = {isa = PBXFileReference; lastKnownFileType = wrapper.framework; name = WidgetKit.framework; path = System/Library/Frameworks/WidgetKit.framework; sourceTree = SDKROOT; };
		7EC29B282F75635B00EE923E /* SwiftUI.framework */ = {isa = PBXFileReference; lastKnownFileType = wrapper.framework; name = SwiftUI.framework; path = System/Library/Frameworks/SwiftUI.framework; sourceTree = SDKROOT; };
		7EC29B3A2F7563DC00EE923E /* BirdWidgetExtension.entitlements */ = {isa = PBXFileReference; lastKnownFileType = text.plist.entitlements; path = BirdWidgetExtension.entitlements; sourceTree = "<group>"; };
		7EC29B6F2F76482E00EE923E /* BirdGrowthTests.xctest */ = {isa = PBXFileReference; explicitFileType = wrapper.cfbundle; includeInIndex = 0; path = BirdGrowthTests.xctest; sourceTree = BUILT_PRODUCTS_DIR; };
		7ED16F9C2F6C318800B58893 /* BirdGrowth.app */ = {isa = PBXFileReference; explicitFileType = wrapper.application; includeInIndex = 0; path = BirdGrowth.app; sourceTree = BUILT_PRODUCTS_DIR; };
/* End PBXFileReference section */

/* Begin PBXFileSystemSynchronizedBuildFileExceptionSet section */
		7EC29B352F75635D00EE923E /* Exceptions for "BirdWidget" folder in "BirdWidgetExtension" target */ = {
			isa = PBXFileSystemSynchronizedBuildFileExceptionSet;
			membershipExceptions = (
				Info.plist,
			);
			target = 7EC29B232F75635A00EE923E /* BirdWidgetExtension */;
		};
		7EC29B3E2F75657F00EE923E /* Exceptions for "BirdGrowth" folder in "BirdWidgetExtension" target */ = {
			isa = PBXFileSystemSynchronizedBuildFileExceptionSet;
			membershipExceptions = (
				Models/WidgetDataManager.swift,
			);
			target = 7EC29B232F75635A00EE923E /* BirdWidgetExtension */;
		};
/* End PBXFileSystemSynchronizedBuildFileExceptionSet section */

/* Begin PBXFileSystemSynchronizedRootGroup section */
		7EC29B2A2F75635B00EE923E /* BirdWidget */ = {
			isa = PBXFileSystemSynchronizedRootGroup;
			exceptions = (
				7EC29B352F75635D00EE923E /* Exceptions for "BirdWidget" folder in "BirdWidgetExtension" target */,
			);
			path = BirdWidget;
			sourceTree = "<group>";
		};
		7EC29B702F76482E00EE923E /* BirdGrowthTests */ = {
			isa = PBXFileSystemSynchronizedRootGroup;
			path = BirdGrowthTests;
			sourceTree = "<group>";
		};
		7ED16F9E2F6C318800B58893 /* BirdGrowth */ = {
			isa = PBXFileSystemSynchronizedRootGroup;
			exceptions = (
				7EC29B3E2F75657F00EE923E /* Exceptions for "BirdGrowth" folder in "BirdWidgetExtension" target */,
			);
			path = BirdGrowth;
			sourceTree = "<group>";
		};
/* End PBXFileSystemSynchronizedRootGroup section */

/* Begin PBXFrameworksBuildPhase section */
		7EC29B212F75635A00EE923E /* Frameworks */ = {
			isa = PBXFrameworksBuildPhase;
			buildActionMask = 2147483647;
			files = (
				7EC29B292F75635B00EE923E /* SwiftUI.framework in Frameworks */,
				7EC29B272F75635B00EE923E /* WidgetKit.framework in Frameworks */,
			);
			runOnlyForDeploymentPostprocessing = 0;
		};
		7EC29B6C2F76482E00EE923E /* Frameworks */ = {
			isa = PBXFrameworksBuildPhase;
			buildActionMask = 2147483647;
			files = (
				7EC29B7E2F764A5600EE923E /* ViewInspector in Frameworks */,
			);
			runOnlyForDeploymentPostprocessing = 0;
		};
		7ED16F992F6C318800B58893 /* Frameworks */ = {
			isa = PBXFrameworksBuildPhase;
			buildActionMask = 2147483647;
			files = (
			);
			runOnlyForDeploymentPostprocessing = 0;
		};
/* End PBXFrameworksBuildPhase section */

/* Begin PBXGroup section */
		7EC29B252F75635B00EE923E /* Frameworks */ = {
			isa = PBXGroup;
			children = (
				7EC29B262F75635B00EE923E /* WidgetKit.framework */,
				7EC29B282F75635B00EE923E /* SwiftUI.framework */,
			);
			name = Frameworks;
			sourceTree = "<group>";
		};
		7ED16F932F6C318800B58893 = {
			isa = PBXGroup;
			children = (
				7EC29B3A2F7563DC00EE923E /* BirdWidgetExtension.entitlements */,
				7EC29B0F2F7171F200EE923E /* Sprites */,
				7ED16F9E2F6C318800B58893 /* BirdGrowth */,
				7EC29B2A2F75635B00EE923E /* BirdWidget */,
				7EC29B702F76482E00EE923E /* BirdGrowthTests */,
				7EC29B252F75635B00EE923E /* Frameworks */,
				7ED16F9D2F6C318800B58893 /* Products */,
			);
			sourceTree = "<group>";
		};
		7ED16F9D2F6C318800B58893 /* Products */ = {
			isa = PBXGroup;
			children = (
				7ED16F9C2F6C318800B58893 /* BirdGrowth.app */,
				7EC29B242F75635A00EE923E /* BirdWidgetExtension.appex */,
				7EC29B6F2F76482E00EE923E /* BirdGrowthTests.xctest */,
			);
			name = Products;
			sourceTree = "<group>";
		};
/* End PBXGroup section */

/* Begin PBXNativeTarget section */
		7EC29B232F75635A00EE923E /* BirdWidgetExtension */ = {
			isa = PBXNativeTarget;
			buildConfigurationList = 7EC29B362F75635D00EE923E /* Build configuration list for PBXNativeTarget "BirdWidgetExtension" */;
			buildPhases = (
				7EC29B202F75635A00EE923E /* Sources */,
				7EC29B212F75635A00EE923E /* Frameworks */,
				7EC29B222F75635A00EE923E /* Resources */,
			);
			buildRules = (
			);
			dependencies = (
			);
			fileSystemSynchronizedGroups = (
				7EC29B2A2F75635B00EE923E /* BirdWidget */,
			);
			name = BirdWidgetExtension;
			packageProductDependencies = (
			);
			productName = BirdWidgetExtension;
			productReference = 7EC29B242F75635A00EE923E /* BirdWidgetExtension.appex */;
			productType = "com.apple.product-type.app-extension";
		};
		7EC29B6E2F76482E00EE923E /* BirdGrowthTests */ = {
			isa = PBXNativeTarget;
			buildConfigurationList = 7EC29B752F76482E00EE923E /* Build configuration list for PBXNativeTarget "BirdGrowthTests" */;
			buildPhases = (
				7EC29B6B2F76482E00EE923E /* Sources */,
				7EC29B6C2F76482E00EE923E /* Frameworks */,
				7EC29B6D2F76482E00EE923E /* Resources */,
			);
			buildRules = (
			);
			dependencies = (
				7EC29B742F76482E00EE923E /* PBXTargetDependency */,
			);
			fileSystemSynchronizedGroups = (
				7EC29B702F76482E00EE923E /* BirdGrowthTests */,
			);
			name = BirdGrowthTests;
			packageProductDependencies = (
				7EC29B7D2F764A5600EE923E /* ViewInspector */,
			);
			productName = BirdGrowthTests;
			productReference = 7EC29B6F2F76482E00EE923E /* BirdGrowthTests.xctest */;
			productType = "com.apple.product-type.bundle.unit-test";
		};
		7ED16F9B2F6C318800B58893 /* BirdGrowth */ = {
			isa = PBXNativeTarget;
			buildConfigurationList = 7ED16FAB2F6C318A00B58893 /* Build configuration list for PBXNativeTarget "BirdGrowth" */;
			buildPhases = (
				7ED16F982F6C318800B58893 /* Sources */,
				7ED16F992F6C318800B58893 /* Frameworks */,
				7ED16F9A2F6C318800B58893 /* Resources */,
				7EC29B392F75635D00EE923E /* Embed Foundation Extensions */,
			);
			buildRules = (
			);
			dependencies = (
				7EC29B332F75635D00EE923E /* PBXTargetDependency */,
			);
			fileSystemSynchronizedGroups = (
				7ED16F9E2F6C318800B58893 /* BirdGrowth */,
			);
			name = BirdGrowth;
			packageProductDependencies = (
			);
			productName = BirdGrowth;
			productReference = 7ED16F9C2F6C318800B58893 /* BirdGrowth.app */;
			productType = "com.apple.product-type.application";
		};
/* End PBXNativeTarget section */

/* Begin PBXProject section */
		7ED16F942F6C318800B58893 /* Project object */ = {
			isa = PBXProject;
			attributes = {
				BuildIndependentTargetsInParallel = 1;
				LastSwiftUpdateCheck = 1620;
				LastUpgradeCheck = 1620;
				TargetAttributes = {
					7EC29B232F75635A00EE923E = {
						CreatedOnToolsVersion = 16.2;
					};
					7EC29B6E2F76482E00EE923E = {
						CreatedOnToolsVersion = 16.2;
						TestTargetID = 7ED16F9B2F6C318800B58893;
					};
					7ED16F9B2F6C318800B58893 = {
						CreatedOnToolsVersion = 16.2;
					};
				};
			};
			buildConfigurationList = 7ED16F972F6C318800B58893 /* Build configuration list for PBXProject "BirdGrowth" */;
			developmentRegion = en;
			hasScannedForEncodings = 0;
			knownRegions = (
				en,
				Base,
			);
			mainGroup = 7ED16F932F6C318800B58893;
			minimizedProjectReferenceProxies = 1;
			packageReferences = (
				7EC29B7C2F764A5600EE923E /* XCRemoteSwiftPackageReference "ViewInspector" */,
			);
			preferredProjectObjectVersion = 77;
			productRefGroup = 7ED16F9D2F6C318800B58893 /* Products */;
			projectDirPath = "";
			projectRoot = "";
			targets = (
				7ED16F9B2F6C318800B58893 /* BirdGrowth */,
				7EC29B232F75635A00EE923E /* BirdWidgetExtension */,
				7EC29B6E2F76482E00EE923E /* BirdGrowthTests */,
			);
		};
/* End PBXProject section */

/* Begin PBXResourcesBuildPhase section */
		7EC29B222F75635A00EE923E /* Resources */ = {
			isa = PBXResourcesBuildPhase;
			buildActionMask = 2147483647;
			files = (
				7EC29B3F2F75658A00EE923E /* Sprites in Resources */,
			);
			runOnlyForDeploymentPostprocessing = 0;
		};
		7EC29B6D2F76482E00EE923E /* Resources */ = {
			isa = PBXResourcesBuildPhase;
			buildActionMask = 2147483647;
			files = (
			);
			runOnlyForDeploymentPostprocessing = 0;
		};
		7ED16F9A2F6C318800B58893 /* Resources */ = {
			isa = PBXResourcesBuildPhase;
			buildActionMask = 2147483647;
			files = (
				7EC29B102F7171F200EE923E /* Sprites in Resources */,
			);
			runOnlyForDeploymentPostprocessing = 0;
		};
/* End PBXResourcesBuildPhase section */

/* Begin PBXSourcesBuildPhase section */
		7EC29B202F75635A00EE923E /* Sources */ = {
			isa = PBXSourcesBuildPhase;
			buildActionMask = 2147483647;
			files = (
			);
			runOnlyForDeploymentPostprocessing = 0;
		};
		7EC29B6B2F76482E00EE923E /* Sources */ = {
			isa = PBXSourcesBuildPhase;
			buildActionMask = 2147483647;
			files = (
			);
			runOnlyForDeploymentPostprocessing = 0;
		};
		7ED16F982F6C318800B58893 /* Sources */ = {
			isa = PBXSourcesBuildPhase;
			buildActionMask = 2147483647;
			files = (
			);
			runOnlyForDeploymentPostprocessing = 0;
		};
/* End PBXSourcesBuildPhase section */

/* Begin PBXTargetDependency section */
		7EC29B332F75635D00EE923E /* PBXTargetDependency */ = {
			isa = PBXTargetDependency;
			target = 7EC29B232F75635A00EE923E /* BirdWidgetExtension */;
			targetProxy = 7EC29B322F75635D00EE923E /* PBXContainerItemProxy */;
		};
		7EC29B742F76482E00EE923E /* PBXTargetDependency */ = {
			isa = PBXTargetDependency;
			target = 7ED16F9B2F6C318800B58893 /* BirdGrowth */;
			targetProxy = 7EC29B732F76482E00EE923E /* PBXContainerItemProxy */;
		};
/* End PBXTargetDependency section */

/* Begin XCBuildConfiguration section */
		7EC29B372F75635D00EE923E /* Debug */ = {
			isa = XCBuildConfiguration;
			buildSettings = {
				ASSETCATALOG_COMPILER_GLOBAL_ACCENT_COLOR_NAME = AccentColor;
				ASSETCATALOG_COMPILER_WIDGET_BACKGROUND_COLOR_NAME = WidgetBackground;
				CODE_SIGN_ENTITLEMENTS = BirdWidgetExtension.entitlements;
				CODE_SIGN_STYLE = Automatic;
				CURRENT_PROJECT_VERSION = 1;
				DEVELOPMENT_TEAM = 4DUG4WDLMT;
				GENERATE_INFOPLIST_FILE = YES;
				INFOPLIST_FILE = BirdWidget/Info.plist;
				INFOPLIST_KEY_CFBundleDisplayName = "てくぴよ";
				INFOPLIST_KEY_NSHumanReadableCopyright = "";
				IPHONEOS_DEPLOYMENT_TARGET = 18.2;
				LD_RUNPATH_SEARCH_PATHS = (
					"$(inherited)",
					"@executable_path/Frameworks",
					"@executable_path/../../Frameworks",
				);
				MARKETING_VERSION = 1.0;
				PRODUCT_BUNDLE_IDENTIFIER = com.cluppou.BirdGrowth.BirdWidget;
				PRODUCT_NAME = "$(TARGET_NAME)";
				SDKROOT = iphoneos;
				SKIP_INSTALL = YES;
				SWIFT_EMIT_LOC_STRINGS = YES;
				SWIFT_VERSION = 5.0;
				TARGETED_DEVICE_FAMILY = "1,2";
			};
			name = Debug;
		};
		7EC29B382F75635D00EE923E /* Release */ = {
			isa = XCBuildConfiguration;
			buildSettings = {
				ASSETCATALOG_COMPILER_GLOBAL_ACCENT_COLOR_NAME = AccentColor;
				ASSETCATALOG_COMPILER_WIDGET_BACKGROUND_COLOR_NAME = WidgetBackground;
				CODE_SIGN_ENTITLEMENTS = BirdWidgetExtension.entitlements;
				CODE_SIGN_STYLE = Automatic;
				CURRENT_PROJECT_VERSION = 1;
				DEVELOPMENT_TEAM = 4DUG4WDLMT;
				GENERATE_INFOPLIST_FILE = YES;
				INFOPLIST_FILE = BirdWidget/Info.plist;
				INFOPLIST_KEY_CFBundleDisplayName = "てくぴよ";
				INFOPLIST_KEY_NSHumanReadableCopyright = "";
				IPHONEOS_DEPLOYMENT_TARGET = 18.2;
				LD_RUNPATH_SEARCH_PATHS = (
					"$(inherited)",
					"@executable_path/Frameworks",
					"@executable_path/../../Frameworks",
				);
				MARKETING_VERSION = 1.0;
				PRODUCT_BUNDLE_IDENTIFIER = com.cluppou.BirdGrowth.BirdWidget;
				PRODUCT_NAME = "$(TARGET_NAME)";
				SDKROOT = iphoneos;
				SKIP_INSTALL = YES;
				SWIFT_EMIT_LOC_STRINGS = YES;
				SWIFT_VERSION = 5.0;
				TARGETED_DEVICE_FAMILY = "1,2";
				VALIDATE_PRODUCT = YES;
			};
			name = Release;
		};
		7EC29B762F76482E00EE923E /* Debug */ = {
			isa = XCBuildConfiguration;
			buildSettings = {
				BUNDLE_LOADER = "$(TEST_HOST)";
				CODE_SIGN_STYLE = Automatic;
				CURRENT_PROJECT_VERSION = 1;
				DEVELOPMENT_TEAM = 4DUG4WDLMT;
				GENERATE_INFOPLIST_FILE = YES;
				IPHONEOS_DEPLOYMENT_TARGET = 18.2;
				MARKETING_VERSION = 1.0;
				PRODUCT_BUNDLE_IDENTIFIER = com.cluppou.BirdGrowth.BirdGrowthTests;
				PRODUCT_NAME = "$(TARGET_NAME)";
				SDKROOT = iphoneos;
				SWIFT_EMIT_LOC_STRINGS = NO;
				SWIFT_VERSION = 5.0;
				TARGETED_DEVICE_FAMILY = "1,2";
				TEST_HOST = "$(BUILT_PRODUCTS_DIR)/BirdGrowth.app/$(BUNDLE_EXECUTABLE_FOLDER_PATH)/BirdGrowth";
			};
			name = Debug;
		};
		7EC29B772F76482E00EE923E /* Release */ = {
			isa = XCBuildConfiguration;
			buildSettings = {
				BUNDLE_LOADER = "$(TEST_HOST)";
				CODE_SIGN_STYLE = Automatic;
				CURRENT_PROJECT_VERSION = 1;
				DEVELOPMENT_TEAM = 4DUG4WDLMT;
				GENERATE_INFOPLIST_FILE = YES;
				IPHONEOS_DEPLOYMENT_TARGET = 18.2;
				MARKETING_VERSION = 1.0;
				PRODUCT_BUNDLE_IDENTIFIER = com.cluppou.BirdGrowth.BirdGrowthTests;
				PRODUCT_NAME = "$(TARGET_NAME)";
				SDKROOT = iphoneos;
				SWIFT_EMIT_LOC_STRINGS = NO;
				SWIFT_VERSION = 5.0;
				TARGETED_DEVICE_FAMILY = "1,2";
				TEST_HOST = "$(BUILT_PRODUCTS_DIR)/BirdGrowth.app/$(BUNDLE_EXECUTABLE_FOLDER_PATH)/BirdGrowth";
				VALIDATE_PRODUCT = YES;
			};
			name = Release;
		};
		7ED16FA92F6C318A00B58893 /* Debug */ = {
			isa = XCBuildConfiguration;
			buildSettings = {
				ALWAYS_SEARCH_USER_PATHS = NO;
				ASSETCATALOG_COMPILER_GENERATE_SWIFT_ASSET_SYMBOL_EXTENSIONS = YES;
				CLANG_ANALYZER_NONNULL = YES;
				CLANG_ANALYZER_NUMBER_OBJECT_CONVERSION = YES_AGGRESSIVE;
				CLANG_CXX_LANGUAGE_STANDARD = "gnu++20";
				CLANG_ENABLE_MODULES = YES;
				CLANG_ENABLE_OBJC_ARC = YES;
				CLANG_ENABLE_OBJC_WEAK = YES;
				CLANG_WARN_BLOCK_CAPTURE_AUTORELEASING = YES;
				CLANG_WARN_BOOL_CONVERSION = YES;
				CLANG_WARN_COMMA = YES;
				CLANG_WARN_CONSTANT_CONVERSION = YES;
				CLANG_WARN_DEPRECATED_OBJC_IMPLEMENTATIONS = YES;
				CLANG_WARN_DIRECT_OBJC_ISA_USAGE = YES_ERROR;
				CLANG_WARN_DOCUMENTATION_COMMENTS = YES;
				CLANG_WARN_EMPTY_BODY = YES;
				CLANG_WARN_ENUM_CONVERSION = YES;
				CLANG_WARN_INFINITE_RECURSION = YES;
				CLANG_WARN_INT_CONVERSION = YES;
				CLANG_WARN_NON_LITERAL_NULL_CONVERSION = YES;
				CLANG_WARN_OBJC_IMPLICIT_RETAIN_SELF = YES;
				CLANG_WARN_OBJC_LITERAL_CONVERSION = YES;
				CLANG_WARN_OBJC_ROOT_CLASS = YES_ERROR;
				CLANG_WARN_QUOTED_INCLUDE_IN_FRAMEWORK_HEADER = YES;
				CLANG_WARN_RANGE_LOOP_ANALYSIS = YES;
				CLANG_WARN_STRICT_PROTOTYPES = YES;
				CLANG_WARN_SUSPICIOUS_MOVE = YES;
				CLANG_WARN_UNGUARDED_AVAILABILITY = YES_AGGRESSIVE;
				CLANG_WARN_UNREACHABLE_CODE = YES;
				CLANG_WARN__DUPLICATE_METHOD_MATCH = YES;
				COPY_PHASE_STRIP = NO;
				DEBUG_INFORMATION_FORMAT = dwarf;
				ENABLE_STRICT_OBJC_MSGSEND = YES;
				ENABLE_TESTABILITY = YES;
				ENABLE_USER_SCRIPT_SANDBOXING = YES;
				GCC_C_LANGUAGE_STANDARD = gnu17;
				GCC_DYNAMIC_NO_PIC = NO;
				GCC_NO_COMMON_BLOCKS = YES;
				GCC_OPTIMIZATION_LEVEL = 0;
				GCC_PREPROCESSOR_DEFINITIONS = (
					"DEBUG=1",
					"$(inherited)",
				);
				GCC_WARN_64_TO_32_BIT_CONVERSION = YES;
				GCC_WARN_ABOUT_RETURN_TYPE = YES_ERROR;
				GCC_WARN_UNDECLARED_SELECTOR = YES;
				GCC_WARN_UNINITIALIZED_AUTOS = YES_AGGRESSIVE;
				GCC_WARN_UNUSED_FUNCTION = YES;
				GCC_WARN_UNUSED_VARIABLE = YES;
				LOCALIZATION_PREFERS_STRING_CATALOGS = YES;
				MTL_ENABLE_DEBUG_INFO = INCLUDE_SOURCE;
				MTL_FAST_MATH = YES;
				ONLY_ACTIVE_ARCH = YES;
				SWIFT_ACTIVE_COMPILATION_CONDITIONS = "DEBUG $(inherited)";
				SWIFT_OPTIMIZATION_LEVEL = "-Onone";
			};
			name = Debug;
		};
		7ED16FAA2F6C318A00B58893 /* Release */ = {
			isa = XCBuildConfiguration;
			buildSettings = {
				ALWAYS_SEARCH_USER_PATHS = NO;
				ASSETCATALOG_COMPILER_GENERATE_SWIFT_ASSET_SYMBOL_EXTENSIONS = YES;
				CLANG_ANALYZER_NONNULL = YES;
				CLANG_ANALYZER_NUMBER_OBJECT_CONVERSION = YES_AGGRESSIVE;
				CLANG_CXX_LANGUAGE_STANDARD = "gnu++20";
				CLANG_ENABLE_MODULES = YES;
				CLANG_ENABLE_OBJC_ARC = YES;
				CLANG_ENABLE_OBJC_WEAK = YES;
				CLANG_WARN_BLOCK_CAPTURE_AUTORELEASING = YES;
				CLANG_WARN_BOOL_CONVERSION = YES;
				CLANG_WARN_COMMA = YES;
				CLANG_WARN_CONSTANT_CONVERSION = YES;
				CLANG_WARN_DEPRECATED_OBJC_IMPLEMENTATIONS = YES;
				CLANG_WARN_DIRECT_OBJC_ISA_USAGE = YES_ERROR;
				CLANG_WARN_DOCUMENTATION_COMMENTS = YES;
				CLANG_WARN_EMPTY_BODY = YES;
				CLANG_WARN_ENUM_CONVERSION = YES;
				CLANG_WARN_INFINITE_RECURSION = YES;
				CLANG_WARN_INT_CONVERSION = YES;
				CLANG_WARN_NON_LITERAL_NULL_CONVERSION = YES;
				CLANG_WARN_OBJC_IMPLICIT_RETAIN_SELF = YES;
				CLANG_WARN_OBJC_LITERAL_CONVERSION = YES;
				CLANG_WARN_OBJC_ROOT_CLASS = YES_ERROR;
				CLANG_WARN_QUOTED_INCLUDE_IN_FRAMEWORK_HEADER = YES;
				CLANG_WARN_RANGE_LOOP_ANALYSIS = YES;
				CLANG_WARN_STRICT_PROTOTYPES = YES;
				CLANG_WARN_SUSPICIOUS_MOVE = YES;
				CLANG_WARN_UNGUARDED_AVAILABILITY = YES_AGGRESSIVE;
				CLANG_WARN_UNREACHABLE_CODE = YES;
				CLANG_WARN__DUPLICATE_METHOD_MATCH = YES;
				COPY_PHASE_STRIP = NO;
				DEBUG_INFORMATION_FORMAT = "dwarf-with-dsym";
				ENABLE_NS_ASSERTIONS = NO;
				ENABLE_STRICT_OBJC_MSGSEND = YES;
				ENABLE_USER_SCRIPT_SANDBOXING = YES;
				GCC_C_LANGUAGE_STANDARD = gnu17;
				GCC_NO_COMMON_BLOCKS = YES;
				GCC_WARN_64_TO_32_BIT_CONVERSION = YES;
				GCC_WARN_ABOUT_RETURN_TYPE = YES_ERROR;
				GCC_WARN_UNDECLARED_SELECTOR = YES;
				GCC_WARN_UNINITIALIZED_AUTOS = YES_AGGRESSIVE;
				GCC_WARN_UNUSED_FUNCTION = YES;
				GCC_WARN_UNUSED_VARIABLE = YES;
				LOCALIZATION_PREFERS_STRING_CATALOGS = YES;
				MTL_ENABLE_DEBUG_INFO = NO;
				MTL_FAST_MATH = YES;
				SWIFT_COMPILATION_MODE = wholemodule;
			};
			name = Release;
		};
		7ED16FAC2F6C318A00B58893 /* Debug */ = {
			isa = XCBuildConfiguration;
			buildSettings = {
				ASSETCATALOG_COMPILER_APPICON_NAME = AppIcon;
				ASSETCATALOG_COMPILER_GLOBAL_ACCENT_COLOR_NAME = AccentColor;
				CODE_SIGN_ENTITLEMENTS = BirdGrowth/BirdGrowth.entitlements;
				CODE_SIGN_STYLE = Automatic;
				CURRENT_PROJECT_VERSION = 1;
				DEVELOPMENT_ASSET_PATHS = "\"BirdGrowth/Preview Content\"";
				DEVELOPMENT_TEAM = 4DUG4WDLMT;
				ENABLE_PREVIEWS = YES;
				GENERATE_INFOPLIST_FILE = YES;
				INFOPLIST_KEY_NSHealthShareUsageDescription = "鳥の成長に反映させるため、歩数データを使用します。";
				"INFOPLIST_KEY_UIApplicationSceneManifest_Generation[sdk=iphoneos*]" = YES;
				"INFOPLIST_KEY_UIApplicationSceneManifest_Generation[sdk=iphonesimulator*]" = YES;
				"INFOPLIST_KEY_UIApplicationSupportsIndirectInputEvents[sdk=iphoneos*]" = YES;
				"INFOPLIST_KEY_UIApplicationSupportsIndirectInputEvents[sdk=iphonesimulator*]" = YES;
				"INFOPLIST_KEY_UILaunchScreen_Generation[sdk=iphoneos*]" = YES;
				"INFOPLIST_KEY_UILaunchScreen_Generation[sdk=iphonesimulator*]" = YES;
				"INFOPLIST_KEY_UIStatusBarStyle[sdk=iphoneos*]" = UIStatusBarStyleDefault;
				"INFOPLIST_KEY_UIStatusBarStyle[sdk=iphonesimulator*]" = UIStatusBarStyleDefault;
				INFOPLIST_KEY_UISupportedInterfaceOrientations_iPad = "UIInterfaceOrientationPortrait UIInterfaceOrientationPortraitUpsideDown UIInterfaceOrientationLandscapeLeft UIInterfaceOrientationLandscapeRight";
				INFOPLIST_KEY_UISupportedInterfaceOrientations_iPhone = "UIInterfaceOrientationPortrait UIInterfaceOrientationLandscapeLeft UIInterfaceOrientationLandscapeRight";
				IPHONEOS_DEPLOYMENT_TARGET = 18.2;
				LD_RUNPATH_SEARCH_PATHS = "@executable_path/Frameworks";
				"LD_RUNPATH_SEARCH_PATHS[sdk=macosx*]" = "@executable_path/../Frameworks";
				MACOSX_DEPLOYMENT_TARGET = 15.1;
				MARKETING_VERSION = 1.0;
				PRODUCT_BUNDLE_IDENTIFIER = com.cluppou.BirdGrowth;
				INFOPLIST_KEY_CFBundleDisplayName = "てくぴよ";
				PRODUCT_NAME = "$(TARGET_NAME)";
				SDKROOT = auto;
				SUPPORTED_PLATFORMS = "iphoneos iphonesimulator macosx xros xrsimulator";
				SWIFT_EMIT_LOC_STRINGS = YES;
				SWIFT_VERSION = 5.0;
				TARGETED_DEVICE_FAMILY = "1,2,7";
				XROS_DEPLOYMENT_TARGET = 2.2;
			};
			name = Debug;
		};
		7ED16FAD2F6C318A00B58893 /* Release */ = {
			isa = XCBuildConfiguration;
			buildSettings = {
				ASSETCATALOG_COMPILER_APPICON_NAME = AppIcon;
				ASSETCATALOG_COMPILER_GLOBAL_ACCENT_COLOR_NAME = AccentColor;
				CODE_SIGN_ENTITLEMENTS = BirdGrowth/BirdGrowth.entitlements;
				CODE_SIGN_STYLE = Automatic;
				CURRENT_PROJECT_VERSION = 1;
				DEVELOPMENT_ASSET_PATHS = "\"BirdGrowth/Preview Content\"";
				DEVELOPMENT_TEAM = 4DUG4WDLMT;
				ENABLE_PREVIEWS = YES;
				GENERATE_INFOPLIST_FILE = YES;
				INFOPLIST_KEY_NSHealthShareUsageDescription = "鳥の成長に反映させるため、歩数データを使用します。";
				"INFOPLIST_KEY_UIApplicationSceneManifest_Generation[sdk=iphoneos*]" = YES;
				"INFOPLIST_KEY_UIApplicationSceneManifest_Generation[sdk=iphonesimulator*]" = YES;
				"INFOPLIST_KEY_UIApplicationSupportsIndirectInputEvents[sdk=iphoneos*]" = YES;
				"INFOPLIST_KEY_UIApplicationSupportsIndirectInputEvents[sdk=iphonesimulator*]" = YES;
				"INFOPLIST_KEY_UILaunchScreen_Generation[sdk=iphoneos*]" = YES;
				"INFOPLIST_KEY_UILaunchScreen_Generation[sdk=iphonesimulator*]" = YES;
				"INFOPLIST_KEY_UIStatusBarStyle[sdk=iphoneos*]" = UIStatusBarStyleDefault;
				"INFOPLIST_KEY_UIStatusBarStyle[sdk=iphonesimulator*]" = UIStatusBarStyleDefault;
				INFOPLIST_KEY_UISupportedInterfaceOrientations_iPad = "UIInterfaceOrientationPortrait UIInterfaceOrientationPortraitUpsideDown UIInterfaceOrientationLandscapeLeft UIInterfaceOrientationLandscapeRight";
				INFOPLIST_KEY_UISupportedInterfaceOrientations_iPhone = "UIInterfaceOrientationPortrait UIInterfaceOrientationLandscapeLeft UIInterfaceOrientationLandscapeRight";
				IPHONEOS_DEPLOYMENT_TARGET = 18.2;
				LD_RUNPATH_SEARCH_PATHS = "@executable_path/Frameworks";
				"LD_RUNPATH_SEARCH_PATHS[sdk=macosx*]" = "@executable_path/../Frameworks";
				MACOSX_DEPLOYMENT_TARGET = 15.1;
				MARKETING_VERSION = 1.0;
				PRODUCT_BUNDLE_IDENTIFIER = com.cluppou.BirdGrowth;
				INFOPLIST_KEY_CFBundleDisplayName = "てくぴよ";
				PRODUCT_NAME = "$(TARGET_NAME)";
				SDKROOT = auto;
				SUPPORTED_PLATFORMS = "iphoneos iphonesimulator macosx xros xrsimulator";
				SWIFT_EMIT_LOC_STRINGS = YES;
				SWIFT_VERSION = 5.0;
				TARGETED_DEVICE_FAMILY = "1,2,7";
				XROS_DEPLOYMENT_TARGET = 2.2;
			};
			name = Release;
		};
/* End XCBuildConfiguration section */

/* Begin XCConfigurationList section */
		7EC29B362F75635D00EE923E /* Build configuration list for PBXNativeTarget "BirdWidgetExtension" */ = {
			isa = XCConfigurationList;
			buildConfigurations = (
				7EC29B372F75635D00EE923E /* Debug */,
				7EC29B382F75635D00EE923E /* Release */,
			);
			defaultConfigurationIsVisible = 0;
			defaultConfigurationName = Release;
		};
		7EC29B752F76482E00EE923E /* Build configuration list for PBXNativeTarget "BirdGrowthTests" */ = {
			isa = XCConfigurationList;
			buildConfigurations = (
				7EC29B762F76482E00EE923E /* Debug */,
				7EC29B772F76482E00EE923E /* Release */,
			);
			defaultConfigurationIsVisible = 0;
			defaultConfigurationName = Release;
		};
		7ED16F972F6C318800B58893 /* Build configuration list for PBXProject "BirdGrowth" */ = {
			isa = XCConfigurationList;
			buildConfigurations = (
				7ED16FA92F6C318A00B58893 /* Debug */,
				7ED16FAA2F6C318A00B58893 /* Release */,
			);
			defaultConfigurationIsVisible = 0;
			defaultConfigurationName = Release;
		};
		7ED16FAB2F6C318A00B58893 /* Build configuration list for PBXNativeTarget "BirdGrowth" */ = {
			isa = XCConfigurationList;
			buildConfigurations = (
				7ED16FAC2F6C318A00B58893 /* Debug */,
				7ED16FAD2F6C318A00B58893 /* Release */,
			);
			defaultConfigurationIsVisible = 0;
			defaultConfigurationName = Release;
		};
/* End XCConfigurationList section */

/* Begin XCRemoteSwiftPackageReference section */
		7EC29B7C2F764A5600EE923E /* XCRemoteSwiftPackageReference "ViewInspector" */ = {
			isa = XCRemoteSwiftPackageReference;
			repositoryURL = "https://github.com/nalexn/ViewInspector";
			requirement = {
				kind = upToNextMajorVersion;
				minimumVersion = 0.10.3;
			};
		};
/* End XCRemoteSwiftPackageReference section */

/* Begin XCSwiftPackageProductDependency section */
		7EC29B7D2F764A5600EE923E /* ViewInspector */ = {
			isa = XCSwiftPackageProductDependency;
			package = 7EC29B7C2F764A5600EE923E /* XCRemoteSwiftPackageReference "ViewInspector" */;
			productName = ViewInspector;
		};
/* End XCSwiftPackageProductDependency section */
	};
	rootObject = 7ED16F942F6C318800B58893 /* Project object */;
}
